{
  "name": "puppeteer",
  "version": "1.0.0",
  "lockfileVersion": 3,
  "requires": true,
  "packages": {
    "": {
      "name": "puppeteer",
      "version": "1.0.0",
      "license": "ISC",
      "dependencies": {
        "puppeteer": "^22.12.1"
      }
    },
    "node_modules/@babel/code-frame": {
      "version": "7.24.7",
      "resolved": "https://registry-npm.rd.chanjet.com/@babel/code-frame/download/@babel/code-frame-7.24.7.tgz",
      "integrity": "sha1-iC/Z4J6O4yTklr0EBAHG8EbvRGU=",
      "license": "MIT",
      "dependencies": {
        "@babel/highlight": "^7.24.7",
        "picocolors": "^1.0.0"
      },
      "engines": {
        "node": ">=6.9.0"
      }
    },
    "node_modules/@babel/helper-validator-identifier": {
      "version": "7.24.7",
      "resolved": "https://registry-npm.rd.chanjet.com/@babel/helper-validator-identifier/download/@babel/helper-validator-identifier-7.24.7.tgz",
      "integrity": "sha1-dbiJz6+eNcKq9Czw1yyOkXGSUds=",
      "license": "MIT",
      "engines": {
        "node": ">=6.9.0"
      }
    },
    "node_modules/@babel/highlight": {
      "version": "7.24.7",
      "resolved": "https://registry-npm.rd.chanjet.com/@babel/highlight/download/@babel/highlight-7.24.7.tgz",
      "integrity": "sha1-oFqx3xNLKGVYquDtQebF9zG/QJ0=",
      "license": "MIT",
      "dependencies": {
        "@babel/helper-validator-identifier": "^7.24.7",
        "chalk": "^2.4.2",
        "js-tokens": "^4.0.0",
        "picocolors": "^1.0.0"
      },
      "engines": {
        "node": ">=6.9.0"
      }
    },
    "node_modules/@puppeteer/browsers": {
      "version": "2.2.3",
      "resolved": "https://registry-npm.rd.chanjet.com/@puppeteer/browsers/download/@puppeteer/browsers-2.2.3.tgz",
      "integrity": "sha1-rWt5EpxQgl533auggmgPTa0LZ04=",
      "license": "Apache-2.0",
      "dependencies": {
        "debug": "4.3.4",
        "extract-zip": "2.0.1",
        "progress": "2.0.3",
        "proxy-agent": "6.4.0",
        "semver": "7.6.0",
        "tar-fs": "3.0.5",
        "unbzip2-stream": "1.4.3",
        "yargs": "17.7.2"
      },
      "bin": {
        "browsers": "lib/cjs/main-cli.js"
      },
      "engines": {
        "node": ">=18"
      }
    },
    "node_modules/@tootallnate/quickjs-emscripten": {
      "version": "0.23.0",
      "resolved": "https://registry-npm.rd.chanjet.com/@tootallnate/quickjs-emscripten/download/@tootallnate/quickjs-emscripten-0.23.0.tgz",
      "integrity": "sha1-207P1JmpdlqyQALDtpbQLm0yoSw=",
      "license": "MIT"
    },
    "node_modules/@types/node": {
      "version": "22.5.4",
      "resolved": "https://registry-npm.rd.chanjet.com/@types/node/download/@types/node-22.5.4.tgz",
      "integrity": "sha1-g/fR9lvC7SI72/V8eITx1aT6hOg=",
      "license": "MIT",
      "optional": true,
      "dependencies": {
        "undici-types": "~6.19.2"
      }
    },
    "node_modules/@types/yauzl": {
      "version": "2.9.2",
      "resolved": "https://registry-npm.rd.chanjet.com/@types/yauzl/download/@types/yauzl-2.9.2.tgz",
      "integrity": "sha1-xI5dVq/xREQJ45+hZLC01FUqe3o=",
      "license": "MIT",
      "optional": true,
      "dependencies": {
        "@types/node": "*"
      }
    },
    "node_modules/agent-base": {
      "version": "7.1.1",
      "resolved": "https://registry-npm.rd.chanjet.com/agent-base/download/agent-base-7.1.1.tgz",
      "integrity": "sha1-vb3tffsJa3UaKgh+7rlmRyWy4xc=",
      "license": "MIT",
      "dependencies": {
        "debug": "^4.3.4"
      },
      "engines": {
        "node": ">= 14"
      }
    },
    "node_modules/ansi-regex": {
      "version": "5.0.1",
      "resolved": "https://registry-npm.rd.chanjet.com/ansi-regex/download/ansi-regex-5.0.1.tgz",
      "integrity": "sha1-CCyyyJyf6GWaMRpTvWpNxTAdswQ=",
      "license": "MIT",
      "engines": {
        "node": ">=8"
      }
    },
    "node_modules/ansi-styles": {
      "version": "3.2.1",
      "resolved": "https://registry-npm.rd.chanjet.com/ansi-styles/download/ansi-styles-3.2.1.tgz",
      "integrity": "sha1-QfuyAkPlCxK+DwS43tvwdSDOhB0=",
      "license": "MIT",
      "dependencies": {
        "color-convert": "^1.9.0"
      },
      "engines": {
        "node": ">=4"
      }
    },
    "node_modules/argparse": {
      "version": "2.0.1",
      "resolved": "https://registry-npm.rd.chanjet.com/argparse/download/argparse-2.0.1.tgz",
      "integrity": "sha1-JG9Q88p4oyQPbJl+ipvR6sSeSzg=",
      "license": "Python-2.0"
    },
    "node_modules/ast-types": {
      "version": "0.13.4",
      "resolved": "https://registry-npm.rd.chanjet.com/ast-types/download/ast-types-0.13.4.tgz",
      "integrity": "sha1-7g13s0MmOWXsw/ti2hbnIisrZ4I=",
      "license": "MIT",
      "dependencies": {
        "tslib": "^2.0.1"
      },
      "engines": {
        "node": ">=4"
      }
    },
    "node_modules/b4a": {
      "version": "1.6.6",
      "resolved": "https://registry-npm.rd.chanjet.com/b4a/download/b4a-1.6.6.tgz",
      "integrity": "sha1-pMw0mjhRmHw8SsLXeFwYdE9tqbo=",
      "license": "Apache-2.0"
    },
    "node_modules/bare-events": {
      "version": "2.4.2",
      "resolved": "https://registry-npm.rd.chanjet.com/bare-events/download/bare-events-2.4.2.tgz",
      "integrity": "sha1-MUDMp6DhHUmz7cUEGrVgZZ/Y4fg=",
      "license": "Apache-2.0",
      "optional": true
    },
    "node_modules/bare-fs": {
      "version": "2.3.1",
      "resolved": "https://registry-npm.rd.chanjet.com/bare-fs/download/bare-fs-2.3.1.tgz",
      "integrity": "sha1-zb1j2selUt+yuH0YyCIpjR79IT0=",
      "license": "Apache-2.0",
      "optional": true,
      "dependencies": {
        "bare-events": "^2.0.0",
        "bare-path": "^2.0.0",
        "bare-stream": "^2.0.0"
      }
    },
    "node_modules/bare-os": {
      "version": "2.4.0",
      "resolved": "https://registry-npm.rd.chanjet.com/bare-os/download/bare-os-2.4.0.tgz",
      "integrity": "sha1-XeXjuncE9FnJZWYp7cp8xzbgZgg=",
      "license": "Apache-2.0",
      "optional": true
    },
    "node_modules/bare-path": {
      "version": "2.1.3",
      "resolved": "https://registry-npm.rd.chanjet.com/bare-path/download/bare-path-2.1.3.tgz",
      "integrity": "sha1-WUEEyCnvZg5DtVieyNrvffbO2z4=",
      "license": "Apache-2.0",
      "optional": true,
      "dependencies": {
        "bare-os": "^2.1.0"
      }
    },
    "node_modules/bare-stream": {
      "version": "2.1.3",
      "resolved": "https://registry-npm.rd.chanjet.com/bare-stream/download/bare-stream-2.1.3.tgz",
      "integrity": "sha1-BwtpkZljpDfMniBVTt4HnOChKbI=",
      "license": "Apache-2.0",
      "optional": true,
      "dependencies": {
        "streamx": "^2.18.0"
      }
    },
    "node_modules/base64-js": {
      "version": "1.5.1",
      "resolved": "https://registry-npm.rd.chanjet.com/base64-js/download/base64-js-1.5.1.tgz",
      "integrity": "sha1-GxtEAWClv3rUC2UPCVljSBkDkwo=",
      "funding": [
        {
          "type": "github",
          "url": "https://github.com/sponsors/feross"
        },
        {
          "type": "patreon",
          "url": "https://www.patreon.com/feross"
        },
        {
          "type": "consulting",
          "url": "https://feross.org/support"
        }
      ],
      "license": "MIT"
    },
    "node_modules/basic-ftp": {
      "version": "5.0.3",
      "resolved": "https://registry-npm.rd.chanjet.com/basic-ftp/download/basic-ftp-5.0.3.tgz",
      "integrity": "sha1-sUwP6BEc4AHskTaGQ0/gwvtGEig=",
      "license": "MIT",
      "engines": {
        "node": ">=10.0.0"
      }
    },
    "node_modules/buffer": {
      "version": "5.7.1",
      "resolved": "https://registry-npm.rd.chanjet.com/buffer/download/buffer-5.7.1.tgz",
      "integrity": "sha1-umLnwTEzBTWCGXFghRqPZI6Z7tA=",
      "funding": [
        {
          "type": "github",
          "url": "https://github.com/sponsors/feross"
        },
        {
          "type": "patreon",
          "url": "https://www.patreon.com/feross"
        },
        {
          "type": "consulting",
          "url": "https://feross.org/support"
        }
      ],
      "license": "MIT",
      "dependencies": {
        "base64-js": "^1.3.1",
        "ieee754": "^1.1.13"
      }
    },
    "node_modules/buffer-crc32": {
      "version": "0.2.13",
      "resolved": "https://registry-npm.rd.chanjet.com/buffer-crc32/download/buffer-crc32-0.2.13.tgz",
      "integrity": "sha1-DTM+PwDqxQqhRUq9MO+MKl2ackI=",
      "license": "MIT",
      "engines": {
        "node": "*"
      }
    },
    "node_modules/callsites": {
      "version": "3.1.0",
      "resolved": "https://registry-npm.rd.chanjet.com/callsites/download/callsites-3.1.0.tgz",
      "integrity": "sha1-s2MKvYlDQy9Us/BRkjjjPNffL3M=",
      "license": "MIT",
      "engines": {
        "node": ">=6"
      }
    },
    "node_modules/chalk": {
      "version": "2.4.2",
      "resolved": "https://registry-npm.rd.chanjet.com/chalk/download/chalk-2.4.2.tgz",
      "integrity": "sha1-zUJUFnelQzPPVBpJEIwUMrRMlCQ=",
      "license": "MIT",
      "dependencies": {
        "ansi-styles": "^3.2.1",
        "escape-string-regexp": "^1.0.5",
        "supports-color": "^5.3.0"
      },
      "engines": {
        "node": ">=4"
      }
    },
    "node_modules/chromium-bidi": {
      "version": "0.5.24",
      "resolved": "https://registry-npm.rd.chanjet.com/chromium-bidi/download/chromium-bidi-0.5.24.tgz",
      "integrity": "sha1-D+Zy+jCx5rzGOugYRCshxBhJxDU=",
      "license": "Apache-2.0",
      "dependencies": {
        "mitt": "3.0.1",
        "urlpattern-polyfill": "10.0.0",
        "zod": "3.23.8"
      },
      "peerDependencies": {
        "devtools-protocol": "*"
      }
    },
    "node_modules/cliui": {
      "version": "8.0.1",
      "resolved": "https://registry-npm.rd.chanjet.com/cliui/download/cliui-8.0.1.tgz",
      "integrity": "sha1-DASwddsCy/5g3I5s8vVIaxo2CKo=",
      "license": "ISC",
      "dependencies": {
        "string-width": "^4.2.0",
        "strip-ansi": "^6.0.1",
        "wrap-ansi": "^7.0.0"
      },
      "engines": {
        "node": ">=12"
      }
    },
    "node_modules/color-convert": {
      "version": "1.9.3",
      "resolved": "https://registry-npm.rd.chanjet.com/color-convert/download/color-convert-1.9.3.tgz",
      "integrity": "sha1-u3GFBpDh8TZWfeYp0tVHHe2kweg=",
      "license": "MIT",
      "dependencies": {
        "color-name": "1.1.3"
      }
    },
    "node_modules/color-name": {
      "version": "1.1.3",
      "resolved": "https://registry-npm.rd.chanjet.com/color-name/download/color-name-1.1.3.tgz",
      "integrity": "sha1-p9BVi9icQveV3UIyj3QIMcpTvCU=",
      "license": "MIT"
    },
    "node_modules/cosmiconfig": {
      "version": "9.0.0",
      "resolved": "https://registry-npm.rd.chanjet.com/cosmiconfig/download/cosmiconfig-9.0.0.tgz",
      "integrity": "sha1-NMP8WCh7kV866QWrbcPeJYtVrZ0=",
      "license": "MIT",
      "dependencies": {
        "env-paths": "^2.2.1",
        "import-fresh": "^3.3.0",
        "js-yaml": "^4.1.0",
        "parse-json": "^5.2.0"
      },
      "engines": {
        "node": ">=14"
      },
      "funding": {
        "url": "https://github.com/sponsors/d-fischer"
      },
      "peerDependencies": {
        "typescript": ">=4.9.5"
      },
      "peerDependenciesMeta": {
        "typescript": {
          "optional": true
        }
      }
    },
    "node_modules/data-uri-to-buffer": {
      "version": "6.0.1",
      "resolved": "https://registry-npm.rd.chanjet.com/data-uri-to-buffer/download/data-uri-to-buffer-6.0.1.tgz",
      "integrity": "sha1-VAvUyHU6Je4SkDWuve32OweHA8c=",
      "license": "MIT",
      "engines": {
        "node": ">= 14"
      }
    },
    "node_modules/debug": {
      "version": "4.3.4",
      "resolved": "https://registry-npm.rd.chanjet.com/debug/download/debug-4.3.4.tgz",
      "integrity": "sha1-Exn2V5NX8jONMzfSzdSRS7XcyGU=",
      "license": "MIT",
      "dependencies": {
        "ms": "2.1.2"
      },
      "engines": {
        "node": ">=6.0"
      },
      "peerDependenciesMeta": {
        "supports-color": {
          "optional": true
        }
      }
    },
    "node_modules/degenerator": {
      "version": "5.0.1",
      "resolved": "https://registry-npm.rd.chanjet.com/degenerator/download/degenerator-5.0.1.tgz",
      "integrity": "sha1-lAO/KXxtrZoezkCbN9snlU+R8vU=",
      "license": "MIT",
      "dependencies": {
        "ast-types": "^0.13.4",
        "escodegen": "^2.1.0",
        "esprima": "^4.0.1"
      },
      "engines": {
        "node": ">= 14"
      }
    },
    "node_modules/devtools-protocol": {
      "version": "0.0.1299070",
      "resolved": "https://registry-npm.rd.chanjet.com/devtools-protocol/download/devtools-protocol-0.0.1299070.tgz",
      "integrity": "sha1-s+TPC2eKRvD5B65uB+A606U8AN8=",
      "license": "BSD-3-Clause"
    },
    "node_modules/emoji-regex": {
      "version": "8.0.0",
      "resolved": "https://registry-npm.rd.chanjet.com/emoji-regex/download/emoji-regex-8.0.0.tgz",
      "integrity": "sha1-6Bj9ac5cz8tARZT4QpY79TFkzDc=",
      "license": "MIT"
    },
    "node_modules/end-of-stream": {
      "version": "1.4.4",
      "resolved": "https://registry-npm.rd.chanjet.com/end-of-stream/download/end-of-stream-1.4.4.tgz",
      "integrity": "sha1-WuZKX0UFe682JuwU2gyl5LJDHrA=",
      "license": "MIT",
      "dependencies": {
        "once": "^1.4.0"
      }
    },
    "node_modules/env-paths": {
      "version": "2.2.1",
      "resolved": "https://registry-npm.rd.chanjet.com/env-paths/download/env-paths-2.2.1.tgz",
      "integrity": "sha1-QgOZ1BbOH76bwKB8Yvpo1n/Q+PI=",
      "license": "MIT",
      "engines": {
        "node": ">=6"
      }
    },
    "node_modules/error-ex": {
      "version": "1.3.2",
      "resolved": "https://registry-npm.rd.chanjet.com/error-ex/download/error-ex-1.3.2.tgz",
      "integrity": "sha1-tKxAZIEH/c3PriQvQovqihTU8b8=",
      "license": "MIT",
      "dependencies": {
        "is-arrayish": "^0.2.1"
      }
    },
    "node_modules/escalade": {
      "version": "3.1.2",
      "resolved": "https://registry-npm.rd.chanjet.com/escalade/download/escalade-3.1.2.tgz",
      "integrity": "sha1-VAdumrKepb89jx7WKs/7uIJy3yc=",
      "license": "MIT",
      "engines": {
        "node": ">=6"
      }
    },
    "node_modules/escape-string-regexp": {
      "version": "1.0.5",
      "resolved": "https://registry-npm.rd.chanjet.com/escape-string-regexp/download/escape-string-regexp-1.0.5.tgz",
      "integrity": "sha1-G2HAViGQqN/2rjuyzwIAyhMLhtQ=",
      "license": "MIT",
      "engines": {
        "node": ">=0.8.0"
      }
    },
    "node_modules/escodegen": {
      "version": "2.1.0",
      "resolved": "https://registry-npm.rd.chanjet.com/escodegen/download/escodegen-2.1.0.tgz",
      "integrity": "sha1-upO7t6Q5htKdYEH5n1Ji2nc+Lhc=",
      "license": "BSD-2-Clause",
      "dependencies": {
        "esprima": "^4.0.1",
        "estraverse": "^5.2.0",
        "esutils": "^2.0.2"
      },
      "bin": {
        "escodegen": "bin/escodegen.js",
        "esgenerate": "bin/esgenerate.js"
      },
      "engines": {
        "node": ">=6.0"
      },
      "optionalDependencies": {
        "source-map": "~0.6.1"
      }
    },
    "node_modules/esprima": {
      "version": "4.0.1",
      "resolved": "https://registry-npm.rd.chanjet.com/esprima/download/esprima-4.0.1.tgz",
      "integrity": "sha1-E7BM2z5sXRnfkatph6hpVhmwqnE=",
      "license": "BSD-2-Clause",
      "bin": {
        "esparse": "bin/esparse.js",
        "esvalidate": "bin/esvalidate.js"
      },
      "engines": {
        "node": ">=4"
      }
    },
    "node_modules/estraverse": {
      "version": "5.3.0",
      "resolved": "https://registry-npm.rd.chanjet.com/estraverse/download/estraverse-5.3.0.tgz",
      "integrity": "sha1-LupSkHAvJquP5TcDcP+GyWXSESM=",
      "license": "BSD-2-Clause",
      "engines": {
        "node": ">=4.0"
      }
    },
    "node_modules/esutils": {
      "version": "2.0.3",
      "resolved": "https://registry-npm.rd.chanjet.com/esutils/download/esutils-2.0.3.tgz",
      "integrity": "sha1-dNLrTeC42hKTcRkQ1Qd1ubcQ72Q=",
      "license": "BSD-2-Clause",
      "engines": {
        "node": ">=0.10.0"
      }
    },
    "node_modules/extract-zip": {
      "version": "2.0.1",
      "resolved": "https://registry-npm.rd.chanjet.com/extract-zip/download/extract-zip-2.0.1.tgz",
      "integrity": "sha1-Zj3KVv5G34kNXxMe9KBtIruLoTo=",
      "license": "BSD-2-Clause",
      "dependencies": {
        "debug": "^4.1.1",
        "get-stream": "^5.1.0",
        "yauzl": "^2.10.0"
      },
      "bin": {
        "extract-zip": "cli.js"
      },
      "engines": {
        "node": ">= 10.17.0"
      },
      "optionalDependencies": {
        "@types/yauzl": "^2.9.1"
      }
    },
    "node_modules/fast-fifo": {
      "version": "1.3.2",
      "resolved": "https://registry-npm.rd.chanjet.com/fast-fifo/download/fast-fifo-1.3.2.tgz",
      "integrity": "sha1-KG4x3pbrltOKl4mYFXQLoqTzZAw=",
      "license": "MIT"
    },
    "node_modules/fd-slicer": {
      "version": "1.1.0",
      "resolved": "https://registry-npm.rd.chanjet.com/fd-slicer/download/fd-slicer-1.1.0.tgz",
      "integrity": "sha1-JcfInLH5B3+IkbvmHY85Dq4lbx4=",
      "license": "MIT",
      "dependencies": {
        "pend": "~1.2.0"
      }
    },
    "node_modules/fs-extra": {
      "version": "8.1.0",
      "resolved": "https://registry-npm.rd.chanjet.com/fs-extra/download/fs-extra-8.1.0.tgz",
      "integrity": "sha1-SdQ8RaiM2Wd2aMt74bRu/bjS4cA=",
      "license": "MIT",
      "dependencies": {
        "graceful-fs": "^4.2.0",
        "jsonfile": "^4.0.0",
        "universalify": "^0.1.0"
      },
      "engines": {
        "node": ">=6 <7 || >=8"
      }
    },
    "node_modules/get-caller-file": {
      "version": "2.0.5",
      "resolved": "https://registry-npm.rd.chanjet.com/get-caller-file/download/get-caller-file-2.0.5.tgz",
      "integrity": "sha1-T5RBKoLbMvNuOwuXQfipf+sDH34=",
      "license": "ISC",
      "engines": {
        "node": "6.* || 8.* || >= 10.*"
      }
    },
    "node_modules/get-stream": {
      "version": "5.2.0",
      "resolved": "https://registry-npm.rd.chanjet.com/get-stream/download/get-stream-5.2.0.tgz",
      "integrity": "sha1-SWaheV7lrOZecGxLe+txJX1uItM=",
      "license": "MIT",
      "dependencies": {
        "pump": "^3.0.0"
      },
      "engines": {
        "node": ">=8"
      },
      "funding": {
        "url": "https://github.com/sponsors/sindresorhus"
      }
    },
    "node_modules/get-uri": {
      "version": "6.0.2",
      "resolved": "https://registry-npm.rd.chanjet.com/get-uri/download/get-uri-6.0.2.tgz",
      "integrity": "sha1-4BlSFkb0qP9tKR+66ixG2iBLt1s=",
      "license": "MIT",
      "dependencies": {
        "basic-ftp": "^5.0.2",
        "data-uri-to-buffer": "^6.0.0",
        "debug": "^4.3.4",
        "fs-extra": "^8.1.0"
      },
      "engines": {
        "node": ">= 14"
      }
    },
    "node_modules/graceful-fs": {
      "version": "4.2.11",
      "resolved": "https://registry-npm.rd.chanjet.com/graceful-fs/download/graceful-fs-4.2.11.tgz",
      "integrity": "sha1-QYPk6L8Iu24Fu7L30uDI9xLKQOM=",
      "license": "ISC"
    },
    "node_modules/has-flag": {
      "version": "3.0.0",
      "resolved": "https://registry-npm.rd.chanjet.com/has-flag/download/has-flag-3.0.0.tgz",
      "integrity": "sha1-tdRU3CGZriJWmfNGfloH87lVuv0=",
      "license": "MIT",
      "engines": {
        "node": ">=4"
      }
    },
    "node_modules/http-proxy-agent": {
      "version": "7.0.2",
      "resolved": "https://registry-npm.rd.chanjet.com/http-proxy-agent/download/http-proxy-agent-7.0.2.tgz",
      "integrity": "sha1-mosfJGhmwChQlIZYX2K48sGMJw4=",
      "license": "MIT",
      "dependencies": {
        "agent-base": "^7.1.0",
        "debug": "^4.3.4"
      },
      "engines": {
        "node": ">= 14"
      }
    },
    "node_modules/https-proxy-agent": {
      "version": "7.0.5",
      "resolved": "https://registry-npm.rd.chanjet.com/https-proxy-agent/download/https-proxy-agent-7.0.5.tgz",
      "integrity": "sha1-notQE4cymeEfq2/VSEBdotbGArI=",
      "license": "MIT",
      "dependencies": {
        "agent-base": "^7.0.2",
        "debug": "4"
      },
      "engines": {
        "node": ">= 14"
      }
    },
    "node_modules/ieee754": {
      "version": "1.2.1",
      "resolved": "https://registry-npm.rd.chanjet.com/ieee754/download/ieee754-1.2.1.tgz",
      "integrity": "sha1-jrehCmP/8l0VpXsAFYbRd9Gw01I=",
      "funding": [
        {
          "type": "github",
          "url": "https://github.com/sponsors/feross"
        },
        {
          "type": "patreon",
          "url": "https://www.patreon.com/feross"
        },
        {
          "type": "consulting",
          "url": "https://feross.org/support"
        }
      ],
      "license": "BSD-3-Clause"
    },
    "node_modules/import-fresh": {
      "version": "3.3.0",
      "resolved": "https://registry-npm.rd.chanjet.com/import-fresh/download/import-fresh-3.3.0.tgz",
      "integrity": "sha1-NxYsJfy566oublPVtNiM4X2eDCs=",
      "license": "MIT",
      "dependencies": {
        "parent-module": "^1.0.0",
        "resolve-from": "^4.0.0"
      },
      "engines": {
        "node": ">=6"
      },
      "funding": {
        "url": "https://github.com/sponsors/sindresorhus"
      }
    },
    "node_modules/ip": {
      "version": "1.1.9",
      "resolved": "https://registry-npm.rd.chanjet.com/ip/download/ip-1.1.9.tgz",
      "integrity": "sha1-jfvMmadU0H9CUxC4aplUaxFR45Y=",
      "license": "MIT"
    },
    "node_modules/ip-address": {
      "version": "9.0.5",
      "resolved": "https://registry-npm.rd.chanjet.com/ip-address/download/ip-address-9.0.5.tgz",
      "integrity": "sha1-EXqWCBmwh4DDvR8U7zwcwdPz6lo=",
      "license": "MIT",
      "dependencies": {
        "jsbn": "1.1.0",
        "sprintf-js": "^1.1.3"
      },
      "engines": {
        "node": ">= 12"
      }
    },
    "node_modules/is-arrayish": {
      "version": "0.2.1",
      "resolved": "https://registry-npm.rd.chanjet.com/is-arrayish/download/is-arrayish-0.2.1.tgz",
      "integrity": "sha1-d8mYQFJ6qOyxqLppe4BkWnqSap0=",
      "license": "MIT"
    },
    "node_modules/is-fullwidth-code-point": {
      "version": "3.0.0",
      "resolved": "https://registry-npm.rd.chanjet.com/is-fullwidth-code-point/download/is-fullwidth-code-point-3.0.0.tgz",
      "integrity": "sha1-8Rb4Bk/pCz94RKOJl8C3UFEmnx0=",
      "license": "MIT",
      "engines": {
        "node": ">=8"
      }
    },
    "node_modules/js-tokens": {
      "version": "4.0.0",
      "resolved": "https://registry-npm.rd.chanjet.com/js-tokens/download/js-tokens-4.0.0.tgz",
      "integrity": "sha1-GSA/tZmR35jjoocFDUZHzerzJJk=",
      "license": "MIT"
    },
    "node_modules/js-yaml": {
      "version": "4.1.0",
      "resolved": "https://registry-npm.rd.chanjet.com/js-yaml/download/js-yaml-4.1.0.tgz",
      "integrity": "sha1-wftl+PUBeQHN0slRhkuhhFihBgI=",
      "license": "MIT",
      "dependencies": {
        "argparse": "^2.0.1"
      },
      "bin": {
        "js-yaml": "bin/js-yaml.js"
      }
    },
    "node_modules/jsbn": {
      "version": "1.1.0",
      "resolved": "https://registry-npm.rd.chanjet.com/jsbn/download/jsbn-1.1.0.tgz",
      "integrity": "sha1-sBMHyym2GKHtJux56RH4A8TaAEA=",
      "license": "MIT"
    },
    "node_modules/json-parse-even-better-errors": {
      "version": "2.3.1",
      "resolved": "https://registry-npm.rd.chanjet.com/json-parse-even-better-errors/download/json-parse-even-better-errors-2.3.1.tgz",
      "integrity": "sha1-fEeAWpQxmSjgV3dAXcEuH3pO4C0=",
      "license": "MIT"
    },
    "node_modules/jsonfile": {
      "version": "4.0.0",
      "resolved": "https://registry-npm.rd.chanjet.com/jsonfile/download/jsonfile-4.0.0.tgz",
      "integrity": "sha1-h3Gq4HmbZAdrdmQPygWPnBDjPss=",
      "license": "MIT",
      "optionalDependencies": {
        "graceful-fs": "^4.1.6"
      }
    },
    "node_modules/lines-and-columns": {
      "version": "1.2.4",
      "resolved": "https://registry-npm.rd.chanjet.com/lines-and-columns/download/lines-and-columns-1.2.4.tgz",
      "integrity": "sha1-7KKE910pZQeTCdwK2SVauy68FjI=",
      "license": "MIT"
    },
    "node_modules/lru-cache": {
      "version": "7.18.3",
      "resolved": "https://registry-npm.rd.chanjet.com/lru-cache/download/lru-cache-7.18.3.tgz",
      "integrity": "sha1-95OJbg/Q6VSlnf3YLwdzgI32qok=",
      "license": "ISC",
      "engines": {
        "node": ">=12"
      }
    },
    "node_modules/mitt": {
      "version": "3.0.1",
      "resolved": "https://registry-npm.rd.chanjet.com/mitt/download/mitt-3.0.1.tgz",
      "integrity": "sha1-6jbPDMMEA2Aa4HTI93twks2rNtE=",
      "license": "MIT"
    },
    "node_modules/ms": {
      "version": "2.1.2",
      "resolved": "https://registry-npm.rd.chanjet.com/ms/download/ms-2.1.2.tgz",
      "integrity": "sha1-0J0fNXtEP0kzgqjrPM0YOHKuYAk=",
      "license": "MIT"
    },
    "node_modules/netmask": {
      "version": "2.0.2",
      "resolved": "https://registry-npm.rd.chanjet.com/netmask/download/netmask-2.0.2.tgz",
      "integrity": "sha1-iwGgdkQGXVNjg4NYI7xSAE66xec=",
      "license": "MIT",
      "engines": {
        "node": ">= 0.4.0"
      }
    },
    "node_modules/once": {
      "version": "1.4.0",
      "resolved": "https://registry-npm.rd.chanjet.com/once/download/once-1.4.0.tgz",
      "integrity": "sha1-WDsap3WWHUsROsF9nFC6753Xa9E=",
      "license": "ISC",
      "dependencies": {
        "wrappy": "1"
      }
    },
    "node_modules/pac-proxy-agent": {
      "version": "7.0.1",
      "resolved": "https://registry-npm.rd.chanjet.com/pac-proxy-agent/download/pac-proxy-agent-7.0.1.tgz",
      "integrity": "sha1-a53cAC7D/wul/fSooh02O8xhLXU=",
      "license": "MIT",
      "dependencies": {
        "@tootallnate/quickjs-emscripten": "^0.23.0",
        "agent-base": "^7.0.2",
        "debug": "^4.3.4",
        "get-uri": "^6.0.1",
        "http-proxy-agent": "^7.0.0",
        "https-proxy-agent": "^7.0.2",
        "pac-resolver": "^7.0.0",
        "socks-proxy-agent": "^8.0.2"
      },
      "engines": {
        "node": ">= 14"
      }
    },
    "node_modules/pac-resolver": {
      "version": "7.0.0",
      "resolved": "https://registry-npm.rd.chanjet.com/pac-resolver/download/pac-resolver-7.0.0.tgz",
      "integrity": "sha1-eTdvHKJrryRblrNMM515v/JekAw=",
      "license": "MIT",
      "dependencies": {
        "degenerator": "^5.0.0",
        "ip": "^1.1.8",
        "netmask": "^2.0.2"
      },
      "engines": {
        "node": ">= 14"
      }
    },
    "node_modules/parent-module": {
      "version": "1.0.1",
      "resolved": "https://registry-npm.rd.chanjet.com/parent-module/download/parent-module-1.0.1.tgz",
      "integrity": "sha1-aR0nCeeMefrjoVZiJFLQB2LKqqI=",
      "license": "MIT",
      "dependencies": {
        "callsites": "^3.0.0"
      },
      "engines": {
        "node": ">=6"
      }
    },
    "node_modules/parse-json": {
      "version": "5.2.0",
      "resolved": "https://registry-npm.rd.chanjet.com/parse-json/download/parse-json-5.2.0.tgz",
      "integrity": "sha1-x2/Gbe5UIxyWKyK8yKcs8vmXU80=",
      "license": "MIT",
      "dependencies": {
        "@babel/code-frame": "^7.0.0",
        "error-ex": "^1.3.1",
        "json-parse-even-better-errors": "^2.3.0",
        "lines-and-columns": "^1.1.6"
      },
      "engines": {
        "node": ">=8"
      },
      "funding": {
        "url": "https://github.com/sponsors/sindresorhus"
      }
    },
    "node_modules/pend": {
      "version": "1.2.0",
      "resolved": "https://registry-npm.rd.chanjet.com/pend/download/pend-1.2.0.tgz",
      "integrity": "sha1-elfrVQpng/kRUzH89GY9XI4AelA=",
      "license": "MIT"
    },
    "node_modules/picocolors": {
      "version": "1.0.1",
      "resolved": "https://registry-npm.rd.chanjet.com/picocolors/download/picocolors-1.0.1.tgz",
      "integrity": "sha1-qK1Xm1cZUvDl0liS3lRFvP4lqqE=",
      "license": "ISC"
    },
    "node_modules/progress": {
      "version": "2.0.3",
      "resolved": "https://registry-npm.rd.chanjet.com/progress/download/progress-2.0.3.tgz",
      "integrity": "sha1-foz42PW48jnBvGi+tOt4Vn1XLvg=",
      "license": "MIT",
      "engines": {
        "node": ">=0.4.0"
      }
    },
    "node_modules/proxy-agent": {
      "version": "6.4.0",
      "resolved": "https://registry-npm.rd.chanjet.com/proxy-agent/download/proxy-agent-6.4.0.tgz",
      "integrity": "sha1-tOLdUd7is3d0iu+NRWBMLXYIZS0=",
      "license": "MIT",
      "dependencies": {
        "agent-base": "^7.0.2",
        "debug": "^4.3.4",
        "http-proxy-agent": "^7.0.1",
        "https-proxy-agent": "^7.0.3",
        "lru-cache": "^7.14.1",
        "pac-proxy-agent": "^7.0.1",
        "proxy-from-env": "^1.1.0",
        "socks-proxy-agent": "^8.0.2"
      },
      "engines": {
        "node": ">= 14"
      }
    },
    "node_modules/proxy-from-env": {
      "version": "1.1.0",
      "resolved": "https://registry-npm.rd.chanjet.com/proxy-from-env/download/proxy-from-env-1.1.0.tgz",
      "integrity": "sha1-4QLxbKNVQkhldV0sno6k8k1Yw+I=",
      "license": "MIT"
    },
    "node_modules/pump": {
      "version": "3.0.0",
      "resolved": "https://registry-npm.rd.chanjet.com/pump/download/pump-3.0.0.tgz",
      "integrity": "sha1-tKIRaBW94vTh6mAjVOjHVWUQemQ=",
      "license": "MIT",
      "dependencies": {
        "end-of-stream": "^1.1.0",
        "once": "^1.3.1"
      }
    },
    "node_modules/puppeteer": {
      "version": "22.12.1",
      "resolved": "https://registry-npm.rd.chanjet.com/puppeteer/download/puppeteer-22.12.1.tgz",
      "integrity": "sha1-pkhxXCTmWpsM7lFWh9iSO/pjmmc=",
      "hasInstallScript": true,
      "license": "Apache-2.0",
      "dependencies": {
        "@puppeteer/browsers": "2.2.3",
        "cosmiconfig": "^9.0.0",
        "devtools-protocol": "0.0.1299070",
        "puppeteer-core": "22.12.1"
      },
      "bin": {
        "puppeteer": "lib/esm/puppeteer/node/cli.js"
      },
      "engines": {
        "node": ">=18"
      }
    },
    "node_modules/puppeteer-core": {
      "version": "22.12.1",
      "resolved": "https://registry-npm.rd.chanjet.com/puppeteer-core/download/puppeteer-core-22.12.1.tgz",
      "integrity": "sha1-TazC6asSfvU0pLtHk9M/lCSltI0=",
      "license": "Apache-2.0",
      "dependencies": {
        "@puppeteer/browsers": "2.2.3",
        "chromium-bidi": "0.5.24",
        "debug": "^4.3.5",
        "devtools-protocol": "0.0.1299070",
        "ws": "^8.17.1"
      },
      "engines": {
        "node": ">=18"
      }
    },
    "node_modules/puppeteer-core/node_modules/debug": {
      "version": "4.3.7",
      "resolved": "https://registry-npm.rd.chanjet.com/debug/download/debug-4.3.7.tgz",
      "integrity": "sha1-h5RbQVGgEddtlaGY1xEchlw2ClI=",
      "license": "MIT",
      "dependencies": {
        "ms": "^2.1.3"
      },
      "engines": {
        "node": ">=6.0"
      },
      "peerDependenciesMeta": {
        "supports-color": {
          "optional": true
        }
      }
    },
    "node_modules/puppeteer-core/node_modules/ms": {
      "version": "2.1.3",
      "resolved": "https://registry-npm.rd.chanjet.com/ms/download/ms-2.1.3.tgz",
      "integrity": "sha1-V0yBOM4dK1hh8LRFedut1gxmFbI=",
      "license": "MIT"
    },
    "node_modules/queue-tick": {
      "version": "1.0.1",
      "resolved": "https://registry-npm.rd.chanjet.com/queue-tick/download/queue-tick-1.0.1.tgz",
      "integrity": "sha1-9vB6yCwf1g+C4Ji0F6gOUvH0wUI=",
      "license": "MIT"
    },
    "node_modules/require-directory": {
      "version": "2.1.1",
      "resolved": "https://registry-npm.rd.chanjet.com/require-directory/download/require-directory-2.1.1.tgz",
      "integrity": "sha1-jGStX9MNqxyXbiNE/+f3kqam30I=",
      "license": "MIT",
      "engines": {
        "node": ">=0.10.0"
      }
    },
    "node_modules/resolve-from": {
      "version": "4.0.0",
      "resolved": "https://registry-npm.rd.chanjet.com/resolve-from/download/resolve-from-4.0.0.tgz",
      "integrity": "sha1-SrzYUq0y3Xuqv+m0DgCjbbXzkuY=",
      "license": "MIT",
      "engines": {
        "node": ">=4"
      }
    },
    "node_modules/semver": {
      "version": "7.6.0",
      "resolved": "https://registry-npm.rd.chanjet.com/semver/download/semver-7.6.0.tgz",
      "integrity": "sha1-Gkak20v/zM2Xt0O1AFyDJfI9Ti0=",
      "license": "ISC",
      "dependencies": {
        "lru-cache": "^6.0.0"
      },
      "bin": {
        "semver": "bin/semver.js"
      },
      "engines": {
        "node": ">=10"
      }
    },
    "node_modules/semver/node_modules/lru-cache": {
      "version": "6.0.0",
      "resolved": "https://registry-npm.rd.chanjet.com/lru-cache/download/lru-cache-6.0.0.tgz",
      "integrity": "sha1-bW/mVw69lqr5D8rR2vo7JWbbOpQ=",
      "license": "ISC",
      "dependencies": {
        "yallist": "^4.0.0"
      },
      "engines": {
        "node": ">=10"
      }
    },
    "node_modules/smart-buffer": {
      "version": "4.2.0",
      "resolved": "https://registry-npm.rd.chanjet.com/smart-buffer/download/smart-buffer-4.2.0.tgz",
      "integrity": "sha1-bh1x+k8YwF99D/IW3RakgdDo2a4=",
      "license": "MIT",
      "engines": {
        "node": ">= 6.0.0",
        "npm": ">= 3.0.0"
      }
    },
    "node_modules/socks": {
      "version": "2.8.3",
      "resolved": "https://registry-npm.rd.chanjet.com/socks/download/socks-2.8.3.tgz",
      "integrity": "sha1-Hr0PCcUrqVoJdQr+Pz+fckqADLU=",
      "license": "MIT",
      "dependencies": {
        "ip-address": "^9.0.5",
        "smart-buffer": "^4.2.0"
      },
      "engines": {
        "node": ">= 10.0.0",
        "npm": ">= 3.0.0"
      }
    },
    "node_modules/socks-proxy-agent": {
      "version": "8.0.4",
      "resolved": "https://registry-npm.rd.chanjet.com/socks-proxy-agent/download/socks-proxy-agent-8.0.4.tgz",
      "integrity": "sha1-kHHcoXr5X0gzADFvSwY1ePoNsIw=",
      "license": "MIT",
      "dependencies": {
        "agent-base": "^7.1.1",
        "debug": "^4.3.4",
        "socks": "^2.8.3"
      },
      "engines": {
        "node": ">= 14"
      }
    },
    "node_modules/source-map": {
      "version": "0.6.1",
      "resolved": "https://registry-npm.rd.chanjet.com/source-map/download/source-map-0.6.1.tgz",
      "integrity": "sha1-dHIq8y6WFOnCh6jQu95IteLxomM=",
      "license": "BSD-3-Clause",
      "optional": true,
      "engines": {
        "node": ">=0.10.0"
      }
    },
    "node_modules/sprintf-js": {
      "version": "1.1.3",
      "resolved": "https://registry-npm.rd.chanjet.com/sprintf-js/download/sprintf-js-1.1.3.tgz",
      "integrity": "sha1-SRS5A6L4toXRf994pw6RfocuREo=",
      "license": "BSD-3-Clause"
    },
    "node_modules/streamx": {
      "version": "2.18.0",
      "resolved": "https://registry-npm.rd.chanjet.com/streamx/download/streamx-2.18.0.tgz",
      "integrity": "sha1-W8GlHrQSpmfr/c1ObPam/GVyGsc=",
      "license": "MIT",
      "dependencies": {
        "fast-fifo": "^1.3.2",
        "queue-tick": "^1.0.1",
        "text-decoder": "^1.1.0"
      },
      "optionalDependencies": {
        "bare-events": "^2.2.0"
      }
    },
    "node_modules/string-width": {
      "version": "4.2.3",
      "resolved": "https://registry-npm.rd.chanjet.com/string-width/download/string-width-4.2.3.tgz",
      "integrity": "sha1-JpxxF9J7Ba0uU2gwqOyJXvnG0BA=",
      "license": "MIT",
      "dependencies": {
        "emoji-regex": "^8.0.0",
        "is-fullwidth-code-point": "^3.0.0",
        "strip-ansi": "^6.0.1"
      },
      "engines": {
        "node": ">=8"
      }
    },
    "node_modules/strip-ansi": {
      "version": "6.0.1",
      "resolved": "https://registry-npm.rd.chanjet.com/strip-ansi/download/strip-ansi-6.0.1.tgz",
      "integrity": "sha1-nibGPTD1NEPpSJSVshBdN7Z6hdk=",
      "license": "MIT",
      "dependencies": {
        "ansi-regex": "^5.0.1"
      },
      "engines": {
        "node": ">=8"
      }
    },
    "node_modules/supports-color": {
      "version": "5.5.0",
      "resolved": "https://registry-npm.rd.chanjet.com/supports-color/download/supports-color-5.5.0.tgz",
      "integrity": "sha1-4uaaRKyHcveKHsCzW2id9lMO/I8=",
      "license": "MIT",
      "dependencies": {
        "has-flag": "^3.0.0"
      },
      "engines": {
        "node": ">=4"
      }
    },
    "node_modules/tar-fs": {
      "version": "3.0.5",
      "resolved": "https://registry-npm.rd.chanjet.com/tar-fs/download/tar-fs-3.0.5.tgz",
      "integrity": "sha1-+VTXd2fk5u35czhOHrlfj4HWTtk=",
      "license": "MIT",
      "dependencies": {
        "pump": "^3.0.0",
        "tar-stream": "^3.1.5"
      },
      "optionalDependencies": {
        "bare-fs": "^2.1.1",
        "bare-path": "^2.1.0"
      }
    },
    "node_modules/tar-stream": {
      "version": "3.1.7",
      "resolved": "https://registry-npm.rd.chanjet.com/tar-stream/download/tar-stream-3.1.7.tgz",
      "integrity": "sha1-JLP7XqutoZ/nM47W0m5ffEgueSs=",
      "license": "MIT",
      "dependencies": {
        "b4a": "^1.6.4",
        "fast-fifo": "^1.2.0",
        "streamx": "^2.15.0"
      }
    },
    "node_modules/text-decoder": {
      "version": "1.1.0",
      "resolved": "https://registry-npm.rd.chanjet.com/text-decoder/download/text-decoder-1.1.0.tgz",
      "integrity": "sha1-M3nnKPz004k+wa6jXowsrCFe8ZA=",
      "license": "Apache-2.0",
      "dependencies": {
        "b4a": "^1.6.4"
      }
    },
    "node_modules/through": {
      "version": "2.3.8",
      "resolved": "https://registry-npm.rd.chanjet.com/through/download/through-2.3.8.tgz",
      "integrity": "sha1-DdTJ/6q8NXlgsbckEV1+Doai4fU=",
      "license": "MIT"
    },
    "node_modules/tslib": {
      "version": "2.7.0",
      "resolved": "https://registry-npm.rd.chanjet.com/tslib/download/tslib-2.7.0.tgz",
      "integrity": "sha1-2bQMXECrWehzjyl98wh78aJpDAE=",
      "license": "0BSD"
    },
    "node_modules/unbzip2-stream": {
      "version": "1.4.3",
      "resolved": "https://registry-npm.rd.chanjet.com/unbzip2-stream/download/unbzip2-stream-1.4.3.tgz",
      "integrity": "sha1-sNoExDcTEd93HNwhXofyEwmRrOc=",
      "license": "MIT",
      "dependencies": {
        "buffer": "^5.2.1",
        "through": "^2.3.8"
      }
    },
    "node_modules/undici-types": {
      "version": "6.19.8",
      "resolved": "https://registry-npm.rd.chanjet.com/undici-types/download/undici-types-6.19.8.tgz",
      "integrity": "sha1-NREcnRQ3q4OnzcCrri8m2I7aCgI=",
      "license": "MIT",
      "optional": true
    },
    "node_modules/universalify": {
      "version": "0.1.2",
      "resolved": "https://registry-npm.rd.chanjet.com/universalify/download/universalify-0.1.2.tgz",
      "integrity": "sha1-tkb2m+OULavOzJ1mOcgNwQXvqmY=",
      "license": "MIT",
      "engines": {
        "node": ">= 4.0.0"
      }
    },
    "node_modules/urlpattern-polyfill": {
      "version": "10.0.0",
      "resolved": "https://registry-npm.rd.chanjet.com/urlpattern-polyfill/download/urlpattern-polyfill-10.0.0.tgz",
      "integrity": "sha1-8KA6l7+wPN8zVT5eeaKq3SLKyOw=",
      "license": "MIT"
    },
    "node_modules/wrap-ansi": {
      "version": "7.0.0",
      "resolved": "https://registry-npm.rd.chanjet.com/wrap-ansi/download/wrap-ansi-7.0.0.tgz",
      "integrity": "sha1-Z+FFz/UQpqaYS98RUpEdadLrnkM=",
      "license": "MIT",
      "dependencies": {
        "ansi-styles": "^4.0.0",
        "string-width": "^4.1.0",
        "strip-ansi": "^6.0.0"
      },
      "engines": {
        "node": ">=10"
      },
      "funding": {
        "url": "https://github.com/chalk/wrap-ansi?sponsor=1"
      }
    },
    "node_modules/wrap-ansi/node_modules/ansi-styles": {
      "version": "4.3.0",
      "resolved": "https://registry-npm.rd.chanjet.com/ansi-styles/download/ansi-styles-4.3.0.tgz",
      "integrity": "sha1-7dgDYornHATIWuegkG7a00tkiTc=",
      "license": "MIT",
      "dependencies": {
        "color-convert": "^2.0.1"
      },
      "engines": {
        "node": ">=8"
      },
      "funding": {
        "url": "https://github.com/chalk/ansi-styles?sponsor=1"
      }
    },
    "node_modules/wrap-ansi/node_modules/color-convert": {
      "version": "2.0.1",
      "resolved": "https://registry-npm.rd.chanjet.com/color-convert/download/color-convert-2.0.1.tgz",
      "integrity": "sha1-ctOmjVmMm9s68q0ehPIdiWq9TeM=",
      "license": "MIT",
      "dependencies": {
        "color-name": "~1.1.4"
      },
      "engines": {
        "node": ">=7.0.0"
      }
    },
    "node_modules/wrap-ansi/node_modules/color-name": {
      "version": "1.1.4",
      "resolved": "https://registry-npm.rd.chanjet.com/color-name/download/color-name-1.1.4.tgz",
      "integrity": "sha1-wqCah6y95pVD3m9j+jmVyCbFNqI=",
      "license": "MIT"
    },
    "node_modules/wrappy": {
      "version": "1.0.2",
      "resolved": "https://registry-npm.rd.chanjet.com/wrappy/download/wrappy-1.0.2.tgz",
      "integrity": "sha1-tSQ9jz7BqjXxNkYFvA0QNuMKtp8=",
      "license": "ISC"
    },
    "node_modules/ws": {
      "version": "8.18.0",
      "resolved": "https://registry-npm.rd.chanjet.com/ws/download/ws-8.18.0.tgz",
      "integrity": "sha1-DXUFpur+Kw5xLSMrQiefU7wom7w=",
      "license": "MIT",
      "engines": {
        "node": ">=10.0.0"
      },
      "peerDependencies": {
        "bufferutil": "^4.0.1",
        "utf-8-validate": ">=5.0.2"
      },
      "peerDependenciesMeta": {
        "bufferutil": {
          "optional": true
        },
        "utf-8-validate": {
          "optional": true
        }
      }
    },
    "node_modules/y18n": {
      "version": "5.0.8",
      "resolved": "https://registry-npm.rd.chanjet.com/y18n/download/y18n-5.0.8.tgz",
      "integrity": "sha1-f0k00PfKjFb5UxSTndzS3ZHOHVU=",
      "license": "ISC",
      "engines": {
        "node": ">=10"
      }
    },
    "node_modules/yallist": {
      "version": "4.0.0",
      "resolved": "https://registry-npm.rd.chanjet.com/yallist/download/yallist-4.0.0.tgz",
      "integrity": "sha1-m7knkNnA7/7GO+c1GeEaNQGaOnI=",
      "license": "ISC"
    },
    "node_modules/yargs": {
      "version": "17.7.2",
      "resolved": "https://registry-npm.rd.chanjet.com/yargs/download/yargs-17.7.2.tgz",
      "integrity": "sha1-mR3zmspnWhkrgW4eA2P5110qomk=",
      "license": "MIT",
      "dependencies": {
        "cliui": "^8.0.1",
        "escalade": "^3.1.1",
        "get-caller-file": "^2.0.5",
        "require-directory": "^2.1.1",
        "string-width": "^4.2.3",
        "y18n": "^5.0.5",
        "yargs-parser": "^21.1.1"
      },
      "engines": {
        "node": ">=12"
      }
    },
    "node_modules/yargs-parser": {
      "version": "21.1.1",
      "resolved": "https://registry-npm.rd.chanjet.com/yargs-parser/download/yargs-parser-21.1.1.tgz",
      "integrity": "sha1-kJa87r+ZDSG7MfqVFuDt4pSnfTU=",
      "license": "ISC",
      "engines": {
        "node": ">=12"
      }
    },
    "node_modules/yauzl": {
      "version": "2.10.0",
      "resolved": "https://registry-npm.rd.chanjet.com/yauzl/download/yauzl-2.10.0.tgz",
      "integrity": "sha1-x+sXyT4RLLEIb6bY5R+wZnt5pfk=",
      "license": "MIT",
      "dependencies": {
        "buffer-crc32": "~0.2.3",
        "fd-slicer": "~1.1.0"
      }
    },
    "node_modules/zod": {
      "version": "3.23.8",
      "resolved": "https://registry-npm.rd.chanjet.com/zod/download/zod-3.23.8.tgz",
      "integrity": "sha1-43uVe11SB5dp+4CXCZtZLw70Bn0=",
      "license": "MIT",
      "funding": {
        "url": "https://github.com/sponsors/colinhacks"
      }
    }
  }
}
